{
  "name": "MTTE_app",
  "version": "1.0.0",
  "lockfileVersion": 2,
  "requires": true,
  "packages": {
    "": {
      "name": "MTTE_app",
      "version": "1.0.0",
      "dependencies": {
        "sweetalert2": "^11.6.8"
      }
    },
    "node_modules/sweetalert2": {
      "version": "11.6.8",
      "resolved": "https://registry.npmjs.org/sweetalert2/-/sweetalert2-11.6.8.tgz",
      "integrity": "sha512-0YHMaqF3DC67EI9uZzHpbU34rQV3acEFlnUCYmDSDNkeNOSFtSlF4DbWilfln+iUYv9s9aqbREXmKZRJqh5G5w==",
      "funding": {
        "type": "individual",
        "url": "https://github.com/sponsors/limonte"
      }
    }
  },
  "dependencies": {
    "sweetalert2": {
      "version": "11.6.8",
      "resolved": "https://registry.npmjs.org/sweetalert2/-/sweetalert2-11.6.8.tgz",
      "integrity": "sha512-0YHMaqF3DC67EI9uZzHpbU34rQV3acEFlnUCYmDSDNkeNOSFtSlF4DbWilfln+iUYv9s9aqbREXmKZRJqh5G5w=="
    }
  }
}
